
Microsoft Visual Studio Solution File, Format Version 12.00
# Visual Studio 14
VisualStudioVersion = 14.0.23107.0
MinimumVisualStudioVersion = 10.0.40219.1
Project("{FAE04EC0-301F-11D3-BF4B-00C04F79EFBC}") = "Loaders", "Loaders\Loaders.csproj", "{EC6B6463-16BE-45DC-BE2D-F6C7A3D51BBB}"
EndProject
Global
	GlobalSection(SolutionConfigurationPlatforms) = preSolution
		Debug|Any CPU = Debug|Any CPU
		Release|Any CPU = Release|Any CPU
	EndGlobalSection
	GlobalSection(ProjectConfigurationPlatforms) = postSolution
		{EC6B6463-16BE-45DC-BE2D-F6C7A3D51BBB}.Debug|Any CPU.ActiveCfg = Debug|Any CPU
		{EC6B6463-16BE-45DC-BE2D-F6C7A3D51BBB}.Debug|Any CPU.Build.0 = Debug|Any CPU
		{EC6B6463-16BE-45DC-BE2D-F6C7A3D51BBB}.Release|Any CPU.ActiveCfg = Release|Any CPU
		{EC6B6463-16BE-45DC-BE2D-F6C7A3D51BBB}.Release|Any CPU.Build.0 = Release|Any CPU
	EndGlobalSection
	GlobalSection(SolutionProperties) = preSolution
		HideSolutionNode = FALSE
	EndGlobalSection
EndGlobal
